
Microsoft Visual Studio Solution File, Format Version 12.00
# Visual Studio 15
VisualStudioVersion = 15.0.28307.1082
MinimumVisualStudioVersion = 10.0.40219.1
Project("{888888A0-9F3D-457C-B088-3A5042F75D52}") = "auto_encoder_demo", "auto_encoder_demo\auto_encoder_demo.pyproj", "{7176A100-5A37-4339-B127-98DCBD2CFFD2}"
EndProject
Global
	GlobalSection(SolutionConfigurationPlatforms) = preSolution
		Debug|Any CPU = Debug|Any CPU
		Release|Any CPU = Release|Any CPU
	EndGlobalSection
	GlobalSection(ProjectConfigurationPlatforms) = postSolution
		{7176A100-5A37-4339-B127-98DCBD2CFFD2}.Debug|Any CPU.ActiveCfg = Debug|Any CPU
		{7176A100-5A37-4339-B127-98DCBD2CFFD2}.Release|Any CPU.ActiveCfg = Release|Any CPU
	EndGlobalSection
	GlobalSection(SolutionProperties) = preSolution
		HideSolutionNode = FALSE
	EndGlobalSection
	GlobalSection(ExtensibilityGlobals) = postSolution
		SolutionGuid = {FB69A3A5-5A61-4A41-B412-5697236E35E2}
	EndGlobalSection
EndGlobal
